
Microsoft Visual Studio Solution File, Format Version 12.00
# Visual Studio Version 17
VisualStudioVersion = 17.1.32228.430
MinimumVisualStudioVersion = 10.0.40219.1
Project("{FAE04EC0-301F-11D3-BF4B-00C04F79EFBC}") = "UTSI API", "UTSI API\UTSI API.csproj", "{38F3DFA1-5A65-4FF8-A535-9A1BE07B975E}"
EndProject
Global
	GlobalSection(SolutionConfigurationPlatforms) = preSolution
		Debug|Any CPU = Debug|Any CPU
		Release|Any CPU = Release|Any CPU
	EndGlobalSection
	GlobalSection(ProjectConfigurationPlatforms) = postSolution
		{38F3DFA1-5A65-4FF8-A535-9A1BE07B975E}.Debug|Any CPU.ActiveCfg = Debug|Any CPU
		{38F3DFA1-5A65-4FF8-A535-9A1BE07B975E}.Debug|Any CPU.Build.0 = Debug|Any CPU
		{38F3DFA1-5A65-4FF8-A535-9A1BE07B975E}.Release|Any CPU.ActiveCfg = Release|Any CPU
		{38F3DFA1-5A65-4FF8-A535-9A1BE07B975E}.Release|Any CPU.Build.0 = Release|Any CPU
	EndGlobalSection
	GlobalSection(SolutionProperties) = preSolution
		HideSolutionNode = FALSE
	EndGlobalSection
	GlobalSection(ExtensibilityGlobals) = postSolution
		SolutionGuid = {E0A45347-03B1-4355-A392-F6707F065432}
	EndGlobalSection
EndGlobal
